
Microsoft Visual Studio Solution File, Format Version 12.00
# Visual Studio Version 16
VisualStudioVersion = 16.0.31729.503
MinimumVisualStudioVersion = 10.0.40219.1
Project("{FAE04EC0-301F-11D3-BF4B-00C04F79EFBC}") = "Multi Level Inheritance", "Multi Level Inheritance.csproj", "{09D19C46-6A8B-4FE0-ABCF-C6FA914A0CF9}"
EndProject
Global
	GlobalSection(SolutionConfigurationPlatforms) = preSolution
		Debug|Any CPU = Debug|Any CPU
		Release|Any CPU = Release|Any CPU
	EndGlobalSection
	GlobalSection(ProjectConfigurationPlatforms) = postSolution
		{09D19C46-6A8B-4FE0-ABCF-C6FA914A0CF9}.Debug|Any CPU.ActiveCfg = Debug|Any CPU
		{09D19C46-6A8B-4FE0-ABCF-C6FA914A0CF9}.Debug|Any CPU.Build.0 = Debug|Any CPU
		{09D19C46-6A8B-4FE0-ABCF-C6FA914A0CF9}.Release|Any CPU.ActiveCfg = Release|Any CPU
		{09D19C46-6A8B-4FE0-ABCF-C6FA914A0CF9}.Release|Any CPU.Build.0 = Release|Any CPU
	EndGlobalSection
	GlobalSection(SolutionProperties) = preSolution
		HideSolutionNode = FALSE
	EndGlobalSection
	GlobalSection(ExtensibilityGlobals) = postSolution
		SolutionGuid = {87F819A7-88F6-404D-8B5A-AE6598C93E01}
	EndGlobalSection
EndGlobal
